// !$*UTF8*$!
{
	archiveVersion = 1;
	classes = {
	};
	objectVersion = 46;
	objects = {

/* Begin PBXBuildFile section */
		220B37D51A3F1C8D00D567A6 /* TOAppRaterLocalizable.strings in Resources */ = {isa = PBXBuildFile; fileRef = 2236046A1A3F127B00CE33E7 /* TOAppRaterLocalizable.strings */; };
		2249D7CC2425D874008BC04D /* TOAppRaterTests.m in Sources */ = {isa = PBXBuildFile; fileRef = 2249D7CB2425D874008BC04D /* TOAppRaterTests.m */; };
		2249D7D32425D908008BC04D /* TOAppRater.m in Sources */ = {isa = PBXBuildFile; fileRef = 227A7923240A46F500D9DE4A /* TOAppRater.m */; };
		227A7925240A46F500D9DE4A /* TOAppRater.m in Sources */ = {isa = PBXBuildFile; fileRef = 227A7923240A46F500D9DE4A /* TOAppRater.m */; };
		227A7945240A471900D9DE4A /* TOTableViewController.m in Sources */ = {isa = PBXBuildFile; fileRef = 227A793B240A471900D9DE4A /* TOTableViewController.m */; };
		227A7946240A471900D9DE4A /* LaunchScreen.xib in Resources */ = {isa = PBXBuildFile; fileRef = 227A793C240A471900D9DE4A /* LaunchScreen.xib */; };
		227A7947240A471900D9DE4A /* Main.storyboard in Resources */ = {isa = PBXBuildFile; fileRef = 227A793E240A471900D9DE4A /* Main.storyboard */; };
		227A7948240A471900D9DE4A /* main.m in Sources */ = {isa = PBXBuildFile; fileRef = 227A7940240A471900D9DE4A /* main.m */; };
		227A7949240A471900D9DE4A /* Images.xcassets in Resources */ = {isa = PBXBuildFile; fileRef = 227A7942240A471900D9DE4A /* Images.xcassets */; };
		227A794A240A471900D9DE4A /* TOAppDelegate.m in Sources */ = {isa = PBXBuildFile; fileRef = 227A7943240A471900D9DE4A /* TOAppDelegate.m */; };
/* End PBXBuildFile section */

/* Begin PBXContainerItemProxy section */
		2249D7CE2425D874008BC04D /* PBXContainerItemProxy */ = {
			isa = PBXContainerItemProxy;
			containerPortal = 225817601A3B4329008BF565 /* Project object */;
			proxyType = 1;
			remoteGlobalIDString = 225817671A3B4329008BF565;
			remoteInfo = TOAppRaterExample;
		};
/* End PBXContainerItemProxy section */

/* Begin PBXFileReference section */
		220B38071A3F1D4F00D567A6 /* ja */ = {isa = PBXFileReference; lastKnownFileType = text.plist.strings; name = ja; path = ja.lproj/TOAppRaterLocalizable.strings; sourceTree = "<group>"; };
		220B38081A3F1D5300D567A6 /* de */ = {isa = PBXFileReference; lastKnownFileType = text.plist.strings; name = de; path = de.lproj/TOAppRaterLocalizable.strings; sourceTree = "<group>"; };
		220B38091A3F1D5B00D567A6 /* en */ = {isa = PBXFileReference; lastKnownFileType = text.plist.strings; name = en; path = en.lproj/TOAppRaterLocalizable.strings; sourceTree = "<group>"; };
		220B380A1A3F1D6100D567A6 /* ru */ = {isa = PBXFileReference; lastKnownFileType = text.plist.strings; name = ru; path = ru.lproj/TOAppRaterLocalizable.strings; sourceTree = "<group>"; };
		2236046D1A3F127B00CE33E7 /* fr */ = {isa = PBXFileReference; lastKnownFileType = text.plist.strings; name = fr; path = fr.lproj/TOAppRaterLocalizable.strings; sourceTree = "<group>"; };
		2249D7C92425D874008BC04D /* TOAppRaterTests.xctest */ = {isa = PBXFileReference; explicitFileType = wrapper.cfbundle; includeInIndex = 0; path = TOAppRaterTests.xctest; sourceTree = BUILT_PRODUCTS_DIR; };
		2249D7CB2425D874008BC04D /* TOAppRaterTests.m */ = {isa = PBXFileReference; lastKnownFileType = sourcecode.c.objc; path = TOAppRaterTests.m; sourceTree = "<group>"; };
		2249D7CD2425D874008BC04D /* Info.plist */ = {isa = PBXFileReference; lastKnownFileType = text.plist.xml; path = Info.plist; sourceTree = "<group>"; };
		225817681A3B4329008BF565 /* TOAppRaterExample.app */ = {isa = PBXFileReference; explicitFileType = wrapper.application; includeInIndex = 0; path = TOAppRaterExample.app; sourceTree = BUILT_PRODUCTS_DIR; };
		227A7923240A46F500D9DE4A /* TOAppRater.m */ = {isa = PBXFileReference; fileEncoding = 4; lastKnownFileType = sourcecode.c.objc; path = TOAppRater.m; sourceTree = "<group>"; };
		227A7924240A46F500D9DE4A /* TOAppRater.h */ = {isa = PBXFileReference; fileEncoding = 4; lastKnownFileType = sourcecode.c.h; path = TOAppRater.h; sourceTree = "<group>"; };
		227A793A240A471900D9DE4A /* TOAppDelegate.h */ = {isa = PBXFileReference; fileEncoding = 4; lastKnownFileType = sourcecode.c.h; path = TOAppDelegate.h; sourceTree = "<group>"; };
		227A793B240A471900D9DE4A /* TOTableViewController.m */ = {isa = PBXFileReference; fileEncoding = 4; lastKnownFileType = sourcecode.c.objc; path = TOTableViewController.m; sourceTree = "<group>"; };
		227A793D240A471900D9DE4A /* Base */ = {isa = PBXFileReference; lastKnownFileType = file.xib; name = Base; path = Base.lproj/LaunchScreen.xib; sourceTree = "<group>"; };
		227A793F240A471900D9DE4A /* Base */ = {isa = PBXFileReference; lastKnownFileType = file.storyboard; name = Base; path = Base.lproj/Main.storyboard; sourceTree = "<group>"; };
		227A7940240A471900D9DE4A /* main.m */ = {isa = PBXFileReference; fileEncoding = 4; lastKnownFileType = sourcecode.c.objc; name = main.m; path = ../main.m; sourceTree = "<group>"; };
		227A7941240A471900D9DE4A /* TOTableViewController.h */ = {isa = PBXFileReference; fileEncoding = 4; lastKnownFileType = sourcecode.c.h; path = TOTableViewController.h; sourceTree = "<group>"; };
		227A7942240A471900D9DE4A /* Images.xcassets */ = {isa = PBXFileReference; lastKnownFileType = folder.assetcatalog; path = Images.xcassets; sourceTree = "<group>"; };
		227A7943240A471900D9DE4A /* TOAppDelegate.m */ = {isa = PBXFileReference; fileEncoding = 4; lastKnownFileType = sourcecode.c.objc; path = TOAppDelegate.m; sourceTree = "<group>"; };
		227A7944240A471900D9DE4A /* Info.plist */ = {isa = PBXFileReference; fileEncoding = 4; lastKnownFileType = text.plist.xml; name = Info.plist; path = ../Info.plist; sourceTree = "<group>"; };
		22A223711A40602B002A394F /* id */ = {isa = PBXFileReference; lastKnownFileType = text.plist.strings; name = id; path = id.lproj/TOAppRaterLocalizable.strings; sourceTree = "<group>"; };
		22A223721A406035002A394F /* zh-Hans */ = {isa = PBXFileReference; lastKnownFileType = text.plist.strings; name = "zh-Hans"; path = "zh-Hans.lproj/TOAppRaterLocalizable.strings"; sourceTree = "<group>"; };
		22A223731A406039002A394F /* zh-Hant */ = {isa = PBXFileReference; lastKnownFileType = text.plist.strings; name = "zh-Hant"; path = "zh-Hant.lproj/TOAppRaterLocalizable.strings"; sourceTree = "<group>"; };
		22B731B11FC42B400060B5AD /* StoreKit.framework */ = {isa = PBXFileReference; lastKnownFileType = wrapper.framework; name = StoreKit.framework; path = System/Library/Frameworks/StoreKit.framework; sourceTree = SDKROOT; };
/* End PBXFileReference section */

/* Begin PBXFrameworksBuildPhase section */
		2249D7C62425D874008BC04D /* Frameworks */ = {
			isa = PBXFrameworksBuildPhase;
			buildActionMask = 2147483647;
			files = (
			);
			runOnlyForDeploymentPostprocessing = 0;
		};
		225817651A3B4329008BF565 /* Frameworks */ = {
			isa = PBXFrameworksBuildPhase;
			buildActionMask = 2147483647;
			files = (
			);
			runOnlyForDeploymentPostprocessing = 0;
		};
/* End PBXFrameworksBuildPhase section */

/* Begin PBXGroup section */
		223604691A3F127B00CE33E7 /* TOAppRater */ = {
			isa = PBXGroup;
			children = (
				227A7924240A46F500D9DE4A /* TOAppRater.h */,
				227A7923240A46F500D9DE4A /* TOAppRater.m */,
				2236046A1A3F127B00CE33E7 /* TOAppRaterLocalizable.strings */,
			);
			path = TOAppRater;
			sourceTree = "<group>";
		};
		2249D7CA2425D874008BC04D /* TOAppRaterTests */ = {
			isa = PBXGroup;
			children = (
				2249D7CB2425D874008BC04D /* TOAppRaterTests.m */,
				2249D7CD2425D874008BC04D /* Info.plist */,
			);
			path = TOAppRaterTests;
			sourceTree = "<group>";
		};
		2258175F1A3B4329008BF565 = {
			isa = PBXGroup;
			children = (
				223604691A3F127B00CE33E7 /* TOAppRater */,
				227A7939240A471900D9DE4A /* TOAppRaterExample */,
				2249D7CA2425D874008BC04D /* TOAppRaterTests */,
				225817691A3B4329008BF565 /* Products */,
				22B731B01FC42B400060B5AD /* Frameworks */,
			);
			sourceTree = "<group>";
		};
		225817691A3B4329008BF565 /* Products */ = {
			isa = PBXGroup;
			children = (
				225817681A3B4329008BF565 /* TOAppRaterExample.app */,
				2249D7C92425D874008BC04D /* TOAppRaterTests.xctest */,
			);
			name = Products;
			sourceTree = "<group>";
		};
		227A7939240A471900D9DE4A /* TOAppRaterExample */ = {
			isa = PBXGroup;
			children = (
				227A793A240A471900D9DE4A /* TOAppDelegate.h */,
				227A7943240A471900D9DE4A /* TOAppDelegate.m */,
				227A7941240A471900D9DE4A /* TOTableViewController.h */,
				227A793B240A471900D9DE4A /* TOTableViewController.m */,
				227A793C240A471900D9DE4A /* LaunchScreen.xib */,
				227A793E240A471900D9DE4A /* Main.storyboard */,
				227A794C240A47A900D9DE4A /* Supporting FIles */,
			);
			path = TOAppRaterExample;
			sourceTree = SOURCE_ROOT;
		};
		227A794C240A47A900D9DE4A /* Supporting FIles */ = {
			isa = PBXGroup;
			children = (
				227A7940240A471900D9DE4A /* main.m */,
				227A7942240A471900D9DE4A /* Images.xcassets */,
				227A7944240A471900D9DE4A /* Info.plist */,
			);
			path = "Supporting FIles";
			sourceTree = "<group>";
		};
		22B731B01FC42B400060B5AD /* Frameworks */ = {
			isa = PBXGroup;
			children = (
				22B731B11FC42B400060B5AD /* StoreKit.framework */,
			);
			name = Frameworks;
			sourceTree = "<group>";
		};
/* End PBXGroup section */

/* Begin PBXNativeTarget section */
		2249D7C82425D874008BC04D /* TOAppRaterTests */ = {
			isa = PBXNativeTarget;
			buildConfigurationList = 2249D7D02425D874008BC04D /* Build configuration list for PBXNativeTarget "TOAppRaterTests" */;
			buildPhases = (
				2249D7C52425D874008BC04D /* Sources */,
				2249D7C62425D874008BC04D /* Frameworks */,
				2249D7C72425D874008BC04D /* Resources */,
			);
			buildRules = (
			);
			dependencies = (
				2249D7CF2425D874008BC04D /* PBXTargetDependency */,
			);
			name = TOAppRaterTests;
			productName = TOAppRaterTests;
			productReference = 2249D7C92425D874008BC04D /* TOAppRaterTests.xctest */;
			productType = "com.apple.product-type.bundle.unit-test";
		};
		225817671A3B4329008BF565 /* TOAppRaterExample */ = {
			isa = PBXNativeTarget;
			buildConfigurationList = 2258178B1A3B4329008BF565 /* Build configuration list for PBXNativeTarget "TOAppRaterExample" */;
			buildPhases = (
				225817641A3B4329008BF565 /* Sources */,
				225817651A3B4329008BF565 /* Frameworks */,
				225817661A3B4329008BF565 /* Resources */,
			);
			buildRules = (
			);
			dependencies = (
			);
			name = TOAppRaterExample;
			productName = TOClassyAppRater;
			productReference = 225817681A3B4329008BF565 /* TOAppRaterExample.app */;
			productType = "com.apple.product-type.application";
		};
/* End PBXNativeTarget section */

/* Begin PBXProject section */
		225817601A3B4329008BF565 /* Project object */ = {
			isa = PBXProject;
			attributes = {
				LastUpgradeCheck = 1130;
				ORGANIZATIONNAME = "Tim Oliver";
				TargetAttributes = {
					2249D7C82425D874008BC04D = {
						CreatedOnToolsVersion = 11.3.1;
						DevelopmentTeam = 6LF3GMKZAB;
						ProvisioningStyle = Automatic;
						TestTargetID = 225817671A3B4329008BF565;
					};
					225817671A3B4329008BF565 = {
						CreatedOnToolsVersion = 6.1.1;
						DevelopmentTeam = 6LF3GMKZAB;
					};
				};
			};
			buildConfigurationList = 225817631A3B4329008BF565 /* Build configuration list for PBXProject "TOAppRaterExample" */;
			compatibilityVersion = "Xcode 3.2";
			developmentRegion = en;
			hasScannedForEncodings = 0;
			knownRegions = (
				en,
				Base,
				de,
				fr,
				ja,
				ru,
				ar,
				ca,
				cs,
				da,
				el,
				es,
				fi,
				he,
				hu,
				id,
				it,
				ko,
				ms,
				nb,
				nl,
				pl,
				"pt-BR",
				pt,
				ro,
				sk,
				sv,
				th,
				tr,
				uk,
				vi,
				"zh-Hans",
				"zh-Hant",
			);
			mainGroup = 2258175F1A3B4329008BF565;
			productRefGroup = 225817691A3B4329008BF565 /* Products */;
			projectDirPath = "";
			projectRoot = "";
			targets = (
				225817671A3B4329008BF565 /* TOAppRaterExample */,
				2249D7C82425D874008BC04D /* TOAppRaterTests */,
			);
		};
/* End PBXProject section */

/* Begin PBXResourcesBuildPhase section */
		2249D7C72425D874008BC04D /* Resources */ = {
			isa = PBXResourcesBuildPhase;
			buildActionMask = 2147483647;
			files = (
			);
			runOnlyForDeploymentPostprocessing = 0;
		};
		225817661A3B4329008BF565 /* Resources */ = {
			isa = PBXResourcesBuildPhase;
			buildActionMask = 2147483647;
			files = (
				227A7947240A471900D9DE4A /* Main.storyboard in Resources */,
				227A7949240A471900D9DE4A /* Images.xcassets in Resources */,
				227A7946240A471900D9DE4A /* LaunchScreen.xib in Resources */,
				220B37D51A3F1C8D00D567A6 /* TOAppRaterLocalizable.strings in Resources */,
			);
			runOnlyForDeploymentPostprocessing = 0;
		};
/* End PBXResourcesBuildPhase section */

/* Begin PBXSourcesBuildPhase section */
		2249D7C52425D874008BC04D /* Sources */ = {
			isa = PBXSourcesBuildPhase;
			buildActionMask = 2147483647;
			files = (
				2249D7CC2425D874008BC04D /* TOAppRaterTests.m in Sources */,
				2249D7D32425D908008BC04D /* TOAppRater.m in Sources */,
			);
			runOnlyForDeploymentPostprocessing = 0;
		};
		225817641A3B4329008BF565 /* Sources */ = {
			isa = PBXSourcesBuildPhase;
			buildActionMask = 2147483647;
			files = (
				227A794A240A471900D9DE4A /* TOAppDelegate.m in Sources */,
				227A7945240A471900D9DE4A /* TOTableViewController.m in Sources */,
				227A7948240A471900D9DE4A /* main.m in Sources */,
				227A7925240A46F500D9DE4A /* TOAppRater.m in Sources */,
			);
			runOnlyForDeploymentPostprocessing = 0;
		};
/* End PBXSourcesBuildPhase section */

/* Begin PBXTargetDependency section */
		2249D7CF2425D874008BC04D /* PBXTargetDependency */ = {
			isa = PBXTargetDependency;
			target = 225817671A3B4329008BF565 /* TOAppRaterExample */;
			targetProxy = 2249D7CE2425D874008BC04D /* PBXContainerItemProxy */;
		};
/* End PBXTargetDependency section */

/* Begin PBXVariantGroup section */
		2236046A1A3F127B00CE33E7 /* TOAppRaterLocalizable.strings */ = {
			isa = PBXVariantGroup;
			children = (
				2236046D1A3F127B00CE33E7 /* fr */,
				220B38071A3F1D4F00D567A6 /* ja */,
				220B38081A3F1D5300D567A6 /* de */,
				220B38091A3F1D5B00D567A6 /* en */,
				220B380A1A3F1D6100D567A6 /* ru */,
				22A223711A40602B002A394F /* id */,
				22A223721A406035002A394F /* zh-Hans */,
				22A223731A406039002A394F /* zh-Hant */,
			);
			name = TOAppRaterLocalizable.strings;
			sourceTree = "<group>";
		};
		227A793C240A471900D9DE4A /* LaunchScreen.xib */ = {
			isa = PBXVariantGroup;
			children = (
				227A793D240A471900D9DE4A /* Base */,
			);
			name = LaunchScreen.xib;
			sourceTree = "<group>";
		};
		227A793E240A471900D9DE4A /* Main.storyboard */ = {
			isa = PBXVariantGroup;
			children = (
				227A793F240A471900D9DE4A /* Base */,
			);
			name = Main.storyboard;
			sourceTree = "<group>";
		};
/* End PBXVariantGroup section */

/* Begin XCBuildConfiguration section */
		2249D7D12425D874008BC04D /* Debug */ = {
			isa = XCBuildConfiguration;
			buildSettings = {
				BUNDLE_LOADER = "$(TEST_HOST)";
				CLANG_ANALYZER_NONNULL = YES;
				CLANG_ANALYZER_NUMBER_OBJECT_CONVERSION = YES_AGGRESSIVE;
				CLANG_CXX_LANGUAGE_STANDARD = "gnu++14";
				CLANG_ENABLE_OBJC_WEAK = YES;
				CLANG_WARN_DOCUMENTATION_COMMENTS = YES;
				CLANG_WARN_UNGUARDED_AVAILABILITY = YES_AGGRESSIVE;
				CODE_SIGN_STYLE = Automatic;
				DEBUG_INFORMATION_FORMAT = dwarf;
				DEVELOPMENT_TEAM = 6LF3GMKZAB;
				GCC_C_LANGUAGE_STANDARD = gnu11;
				GCC_PREPROCESSOR_DEFINITIONS = (
					"DEBUG=1",
					"$(inherited)",
					"TOAPPRATER_UNIT_TEST=1",
				);
				INFOPLIST_FILE = TOAppRaterTests/Info.plist;
				IPHONEOS_DEPLOYMENT_TARGET = 13.2;
				LD_RUNPATH_SEARCH_PATHS = "$(inherited) @executable_path/Frameworks @loader_path/Frameworks";
				MTL_ENABLE_DEBUG_INFO = INCLUDE_SOURCE;
				MTL_FAST_MATH = YES;
				PRODUCT_BUNDLE_IDENTIFIER = dev.tim.TOAppRaterTests;
				PRODUCT_NAME = "$(TARGET_NAME)";
				TARGETED_DEVICE_FAMILY = "1,2";
				TEST_HOST = "$(BUILT_PRODUCTS_DIR)/TOAppRaterExample.app/TOAppRaterExample";
			};
			name = Debug;
		};
		2249D7D22425D874008BC04D /* Release */ = {
			isa = XCBuildConfiguration;
			buildSettings = {
				BUNDLE_LOADER = "$(TEST_HOST)";
				CLANG_ANALYZER_NONNULL = YES;
				CLANG_ANALYZER_NUMBER_OBJECT_CONVERSION = YES_AGGRESSIVE;
				CLANG_CXX_LANGUAGE_STANDARD = "gnu++14";
				CLANG_ENABLE_OBJC_WEAK = YES;
				CLANG_WARN_DOCUMENTATION_COMMENTS = YES;
				CLANG_WARN_UNGUARDED_AVAILABILITY = YES_AGGRESSIVE;
				CODE_SIGN_STYLE = Automatic;
				COPY_PHASE_STRIP = NO;
				DEBUG_INFORMATION_FORMAT = "dwarf-with-dsym";
				DEVELOPMENT_TEAM = 6LF3GMKZAB;
				GCC_C_LANGUAGE_STANDARD = gnu11;
				INFOPLIST_FILE = TOAppRaterTests/Info.plist;
				IPHONEOS_DEPLOYMENT_TARGET = 13.2;
				LD_RUNPATH_SEARCH_PATHS = "$(inherited) @executable_path/Frameworks @loader_path/Frameworks";
				MTL_FAST_MATH = YES;
				PRODUCT_BUNDLE_IDENTIFIER = dev.tim.TOAppRaterTests;
				PRODUCT_NAME = "$(TARGET_NAME)";
				TARGETED_DEVICE_FAMILY = "1,2";
				TEST_HOST = "$(BUILT_PRODUCTS_DIR)/TOAppRaterExample.app/TOAppRaterExample";
			};
			name = Release;
		};
		225817891A3B4329008BF565 /* Debug */ = {
			isa = XCBuildConfiguration;
			buildSettings = {
				ALWAYS_SEARCH_USER_PATHS = NO;
				CLANG_ANALYZER_LOCALIZABILITY_NONLOCALIZED = YES;
				CLANG_CXX_LANGUAGE_STANDARD = "gnu++0x";
				CLANG_CXX_LIBRARY = "libc++";
				CLANG_ENABLE_MODULES = YES;
				CLANG_ENABLE_OBJC_ARC = YES;
				CLANG_WARN_BLOCK_CAPTURE_AUTORELEASING = YES;
				CLANG_WARN_BOOL_CONVERSION = YES;
				CLANG_WARN_COMMA = YES;
				CLANG_WARN_CONSTANT_CONVERSION = YES;
				CLANG_WARN_DEPRECATED_OBJC_IMPLEMENTATIONS = YES;
				CLANG_WARN_DIRECT_OBJC_ISA_USAGE = YES_ERROR;
				CLANG_WARN_EMPTY_BODY = YES;
				CLANG_WARN_ENUM_CONVERSION = YES;
				CLANG_WARN_INFINITE_RECURSION = YES;
				CLANG_WARN_INT_CONVERSION = YES;
				CLANG_WARN_NON_LITERAL_NULL_CONVERSION = YES;
				CLANG_WARN_OBJC_IMPLICIT_RETAIN_SELF = YES;
				CLANG_WARN_OBJC_LITERAL_CONVERSION = YES;
				CLANG_WARN_OBJC_ROOT_CLASS = YES_ERROR;
				CLANG_WARN_RANGE_LOOP_ANALYSIS = YES;
				CLANG_WARN_STRICT_PROTOTYPES = YES;
				CLANG_WARN_SUSPICIOUS_MOVE = YES;
				CLANG_WARN_UNREACHABLE_CODE = YES;
				CLANG_WARN__DUPLICATE_METHOD_MATCH = YES;
				"CODE_SIGN_IDENTITY[sdk=iphoneos*]" = "iPhone Developer";
				COPY_PHASE_STRIP = NO;
				ENABLE_STRICT_OBJC_MSGSEND = YES;
				ENABLE_TESTABILITY = YES;
				GCC_C_LANGUAGE_STANDARD = gnu99;
				GCC_DYNAMIC_NO_PIC = NO;
				GCC_NO_COMMON_BLOCKS = YES;
				GCC_OPTIMIZATION_LEVEL = 0;
				GCC_PREPROCESSOR_DEFINITIONS = (
					"DEBUG=1",
					"$(inherited)",
				);
				GCC_SYMBOLS_PRIVATE_EXTERN = NO;
				GCC_WARN_64_TO_32_BIT_CONVERSION = YES;
				GCC_WARN_ABOUT_RETURN_TYPE = YES_ERROR;
				GCC_WARN_UNDECLARED_SELECTOR = YES;
				GCC_WARN_UNINITIALIZED_AUTOS = YES_AGGRESSIVE;
				GCC_WARN_UNUSED_FUNCTION = YES;
				GCC_WARN_UNUSED_VARIABLE = YES;
				IPHONEOS_DEPLOYMENT_TARGET = 9.0;
				MTL_ENABLE_DEBUG_INFO = YES;
				ONLY_ACTIVE_ARCH = YES;
				SDKROOT = iphoneos;
			};
			name = Debug;
		};
		2258178A1A3B4329008BF565 /* Release */ = {
			isa = XCBuildConfiguration;
			buildSettings = {
				ALWAYS_SEARCH_USER_PATHS = NO;
				CLANG_ANALYZER_LOCALIZABILITY_NONLOCALIZED = YES;
				CLANG_CXX_LANGUAGE_STANDARD = "gnu++0x";
				CLANG_CXX_LIBRARY = "libc++";
				CLANG_ENABLE_MODULES = YES;
				CLANG_ENABLE_OBJC_ARC = YES;
				CLANG_WARN_BLOCK_CAPTURE_AUTORELEASING = YES;
				CLANG_WARN_BOOL_CONVERSION = YES;
				CLANG_WARN_COMMA = YES;
				CLANG_WARN_CONSTANT_CONVERSION = YES;
				CLANG_WARN_DEPRECATED_OBJC_IMPLEMENTATIONS = YES;
				CLANG_WARN_DIRECT_OBJC_ISA_USAGE = YES_ERROR;
				CLANG_WARN_EMPTY_BODY = YES;
				CLANG_WARN_ENUM_CONVERSION = YES;
				CLANG_WARN_INFINITE_RECURSION = YES;
				CLANG_WARN_INT_CONVERSION = YES;
				CLANG_WARN_NON_LITERAL_NULL_CONVERSION = YES;
				CLANG_WARN_OBJC_IMPLICIT_RETAIN_SELF = YES;
				CLANG_WARN_OBJC_LITERAL_CONVERSION = YES;
				CLANG_WARN_OBJC_ROOT_CLASS = YES_ERROR;
				CLANG_WARN_RANGE_LOOP_ANALYSIS = YES;
				CLANG_WARN_STRICT_PROTOTYPES = YES;
				CLANG_WARN_SUSPICIOUS_MOVE = YES;
				CLANG_WARN_UNREACHABLE_CODE = YES;
				CLANG_WARN__DUPLICATE_METHOD_MATCH = YES;
				"CODE_SIGN_IDENTITY[sdk=iphoneos*]" = "iPhone Developer";
				COPY_PHASE_STRIP = YES;
				ENABLE_NS_ASSERTIONS = NO;
				ENABLE_STRICT_OBJC_MSGSEND = YES;
				GCC_C_LANGUAGE_STANDARD = gnu99;
				GCC_NO_COMMON_BLOCKS = YES;
				GCC_WARN_64_TO_32_BIT_CONVERSION = YES;
				GCC_WARN_ABOUT_RETURN_TYPE = YES_ERROR;
				GCC_WARN_UNDECLARED_SELECTOR = YES;
				GCC_WARN_UNINITIALIZED_AUTOS = YES_AGGRESSIVE;
				GCC_WARN_UNUSED_FUNCTION = YES;
				GCC_WARN_UNUSED_VARIABLE = YES;
				IPHONEOS_DEPLOYMENT_TARGET = 9.0;
				MTL_ENABLE_DEBUG_INFO = NO;
				SDKROOT = iphoneos;
				VALIDATE_PRODUCT = YES;
			};
			name = Release;
		};
		2258178C1A3B4329008BF565 /* Debug */ = {
			isa = XCBuildConfiguration;
			buildSettings = {
				ASSETCATALOG_COMPILER_APPICON_NAME = AppIcon;
				DEVELOPMENT_TEAM = 6LF3GMKZAB;
				INFOPLIST_FILE = "$(SRCROOT)/TOAppRaterExample/Info.plist";
				IPHONEOS_DEPLOYMENT_TARGET = 13.0;
				LD_RUNPATH_SEARCH_PATHS = "$(inherited) @executable_path/Frameworks";
				PRODUCT_BUNDLE_IDENTIFIER = dev.tim.TOAppRaterExample;
				PRODUCT_NAME = TOAppRaterExample;
				TARGETED_DEVICE_FAMILY = "1,2";
			};
			name = Debug;
		};
		2258178D1A3B4329008BF565 /* Release */ = {
			isa = XCBuildConfiguration;
			buildSettings = {
				ASSETCATALOG_COMPILER_APPICON_NAME = AppIcon;
				DEVELOPMENT_TEAM = 6LF3GMKZAB;
				INFOPLIST_FILE = "$(SRCROOT)/TOAppRaterExample/Info.plist";
				IPHONEOS_DEPLOYMENT_TARGET = 13.0;
				LD_RUNPATH_SEARCH_PATHS = "$(inherited) @executable_path/Frameworks";
				PRODUCT_BUNDLE_IDENTIFIER = dev.tim.TOAppRaterExample;
				PRODUCT_NAME = TOAppRaterExample;
				TARGETED_DEVICE_FAMILY = "1,2";
			};
			name = Release;
		};
/* End XCBuildConfiguration section */

/* Begin XCConfigurationList section */
		2249D7D02425D874008BC04D /* Build configuration list for PBXNativeTarget "TOAppRaterTests" */ = {
			isa = XCConfigurationList;
			buildConfigurations = (
				2249D7D12425D874008BC04D /* Debug */,
				2249D7D22425D874008BC04D /* Release */,
			);
			defaultConfigurationIsVisible = 0;
			defaultConfigurationName = Release;
		};
		225817631A3B4329008BF565 /* Build configuration list for PBXProject "TOAppRaterExample" */ = {
			isa = XCConfigurationList;
			buildConfigurations = (
				225817891A3B4329008BF565 /* Debug */,
				2258178A1A3B4329008BF565 /* Release */,
			);
			defaultConfigurationIsVisible = 0;
			defaultConfigurationName = Release;
		};
		2258178B1A3B4329008BF565 /* Build configuration list for PBXNativeTarget "TOAppRaterExample" */ = {
			isa = XCConfigurationList;
			buildConfigurations = (
				2258178C1A3B4329008BF565 /* Debug */,
				2258178D1A3B4329008BF565 /* Release */,
			);
			defaultConfigurationIsVisible = 0;
			defaultConfigurationName = Release;
		};
/* End XCConfigurationList section */
	};
	rootObject = 225817601A3B4329008BF565 /* Project object */;
}
